
Microsoft Visual Studio Solution File, Format Version 12.00
# Visual Studio Version 17
VisualStudioVersion = 17.1.32210.238
MinimumVisualStudioVersion = 10.0.40219.1
Project("{FAE04EC0-301F-11D3-BF4B-00C04F79EFBC}") = "StocksAPI", "StocksAPI\StocksAPI.csproj", "{A0DE3CF6-B354-4B6C-920D-2A32BBD840E5}"
EndProject
Global
	GlobalSection(SolutionConfigurationPlatforms) = preSolution
		Debug|Any CPU = Debug|Any CPU
		Release|Any CPU = Release|Any CPU
	EndGlobalSection
	GlobalSection(ProjectConfigurationPlatforms) = postSolution
		{A0DE3CF6-B354-4B6C-920D-2A32BBD840E5}.Debug|Any CPU.ActiveCfg = Debug|Any CPU
		{A0DE3CF6-B354-4B6C-920D-2A32BBD840E5}.Debug|Any CPU.Build.0 = Debug|Any CPU
		{A0DE3CF6-B354-4B6C-920D-2A32BBD840E5}.Release|Any CPU.ActiveCfg = Release|Any CPU
		{A0DE3CF6-B354-4B6C-920D-2A32BBD840E5}.Release|Any CPU.Build.0 = Release|Any CPU
	EndGlobalSection
	GlobalSection(SolutionProperties) = preSolution
		HideSolutionNode = FALSE
	EndGlobalSection
	GlobalSection(ExtensibilityGlobals) = postSolution
		SolutionGuid = {D770686E-9450-4BA8-9F27-2230A724AFAA}
	EndGlobalSection
EndGlobal
